
Microsoft Visual Studio Solution File, Format Version 12.00
# Visual Studio Version 17
VisualStudioVersion = 17.8.34309.116
MinimumVisualStudioVersion = 10.0.40219.1
Project("{FAE04EC0-301F-11D3-BF4B-00C04F79EFBC}") = "Flyweight", "Flyweight\Flyweight.csproj", "{33BA2D25-A524-4D8E-82D9-27D7AF12C5FF}"
EndProject
Global
	GlobalSection(SolutionConfigurationPlatforms) = preSolution
		Debug|Any CPU = Debug|Any CPU
		Release|Any CPU = Release|Any CPU
	EndGlobalSection
	GlobalSection(ProjectConfigurationPlatforms) = postSolution
		{33BA2D25-A524-4D8E-82D9-27D7AF12C5FF}.Debug|Any CPU.ActiveCfg = Debug|Any CPU
		{33BA2D25-A524-4D8E-82D9-27D7AF12C5FF}.Debug|Any CPU.Build.0 = Debug|Any CPU
		{33BA2D25-A524-4D8E-82D9-27D7AF12C5FF}.Release|Any CPU.ActiveCfg = Release|Any CPU
		{33BA2D25-A524-4D8E-82D9-27D7AF12C5FF}.Release|Any CPU.Build.0 = Release|Any CPU
	EndGlobalSection
	GlobalSection(SolutionProperties) = preSolution
		HideSolutionNode = FALSE
	EndGlobalSection
	GlobalSection(ExtensibilityGlobals) = postSolution
		SolutionGuid = {A1A49098-EB66-4594-8103-A66769F12979}
	EndGlobalSection
EndGlobal
